
Microsoft Visual Studio Solution File, Format Version 12.00
# Visual Studio Version 17
VisualStudioVersion = 17.9.34616.47
MinimumVisualStudioVersion = 10.0.40219.1
Project("{FAE04EC0-301F-11D3-BF4B-00C04F79EFBC}") = "1623-Akimov", "1623-Akimov\1623-Akimov.csproj", "{D8097F06-1069-4D92-8804-C8C7C114135D}"
EndProject
Global
	GlobalSection(SolutionConfigurationPlatforms) = preSolution
		Debug|Any CPU = Debug|Any CPU
		Release|Any CPU = Release|Any CPU
	EndGlobalSection
	GlobalSection(ProjectConfigurationPlatforms) = postSolution
		{D8097F06-1069-4D92-8804-C8C7C114135D}.Debug|Any CPU.ActiveCfg = Debug|Any CPU
		{D8097F06-1069-4D92-8804-C8C7C114135D}.Debug|Any CPU.Build.0 = Debug|Any CPU
		{D8097F06-1069-4D92-8804-C8C7C114135D}.Release|Any CPU.ActiveCfg = Release|Any CPU
		{D8097F06-1069-4D92-8804-C8C7C114135D}.Release|Any CPU.Build.0 = Release|Any CPU
	EndGlobalSection
	GlobalSection(SolutionProperties) = preSolution
		HideSolutionNode = FALSE
	EndGlobalSection
	GlobalSection(ExtensibilityGlobals) = postSolution
		SolutionGuid = {20E3FCB8-FABB-4E40-B125-E02991B8AC8D}
	EndGlobalSection
EndGlobal
